
Microsoft Visual Studio Solution File, Format Version 12.00
# Visual Studio Version 16
VisualStudioVersion = 16.0.29306.81
MinimumVisualStudioVersion = 10.0.40219.1
Project("{FAE04EC0-301F-11D3-BF4B-00C04F79EFBC}") = "EmmettNolan_S00188098", "EmmettNolan_S00188098\EmmettNolan_S00188098.csproj", "{55004E60-19C7-454A-AFB9-3D4B1215E56B}"
EndProject
Global
	GlobalSection(SolutionConfigurationPlatforms) = preSolution
		Debug|Any CPU = Debug|Any CPU
		Release|Any CPU = Release|Any CPU
	EndGlobalSection
	GlobalSection(ProjectConfigurationPlatforms) = postSolution
		{55004E60-19C7-454A-AFB9-3D4B1215E56B}.Debug|Any CPU.ActiveCfg = Debug|Any CPU
		{55004E60-19C7-454A-AFB9-3D4B1215E56B}.Debug|Any CPU.Build.0 = Debug|Any CPU
		{55004E60-19C7-454A-AFB9-3D4B1215E56B}.Release|Any CPU.ActiveCfg = Release|Any CPU
		{55004E60-19C7-454A-AFB9-3D4B1215E56B}.Release|Any CPU.Build.0 = Release|Any CPU
	EndGlobalSection
	GlobalSection(SolutionProperties) = preSolution
		HideSolutionNode = FALSE
	EndGlobalSection
	GlobalSection(ExtensibilityGlobals) = postSolution
		SolutionGuid = {68F6B41B-FB8F-4E17-960D-EBF99B8FFE67}
	EndGlobalSection
EndGlobal
